
Microsoft Visual Studio Solution File, Format Version 12.00
# Visual Studio 15
VisualStudioVersion = 15.0.28307.136
MinimumVisualStudioVersion = 10.0.40219.1
Project("{9A19103F-16F7-4668-BE54-9A1E7A4F7556}") = "WordNetPOSReader", "WordNetPOSReader\WordNetPOSReader.csproj", "{07D86369-C7AE-4F1F-8134-F8C094E6E1A0}"
EndProject
Global
	GlobalSection(SolutionConfigurationPlatforms) = preSolution
		Debug|Any CPU = Debug|Any CPU
		Release|Any CPU = Release|Any CPU
	EndGlobalSection
	GlobalSection(ProjectConfigurationPlatforms) = postSolution
		{07D86369-C7AE-4F1F-8134-F8C094E6E1A0}.Debug|Any CPU.ActiveCfg = Debug|Any CPU
		{07D86369-C7AE-4F1F-8134-F8C094E6E1A0}.Debug|Any CPU.Build.0 = Debug|Any CPU
		{07D86369-C7AE-4F1F-8134-F8C094E6E1A0}.Release|Any CPU.ActiveCfg = Release|Any CPU
		{07D86369-C7AE-4F1F-8134-F8C094E6E1A0}.Release|Any CPU.Build.0 = Release|Any CPU
	EndGlobalSection
	GlobalSection(SolutionProperties) = preSolution
		HideSolutionNode = FALSE
	EndGlobalSection
	GlobalSection(ExtensibilityGlobals) = postSolution
		SolutionGuid = {78610657-8365-4EE2-9D83-D0907F1DE916}
	EndGlobalSection
EndGlobal
